// !$*UTF8*$!
{
	archiveVersion = 1;
	classes = {
	};
	objectVersion = 56;
	objects = {

/* Begin PBXBuildFile section */
		D802F0362AB4FE2E0073E945 /* DetailView.swift in Sources */ = {isa = PBXBuildFile; fileRef = D802F0352AB4FE2E0073E945 /* DetailView.swift */; };
		D820E01E2AAFB706003C1A4C /* Theme.swift in Sources */ = {isa = PBXBuildFile; fileRef = D820E01D2AAFB706003C1A4C /* Theme.swift */; };
		D820E0202AAFB8C4003C1A4C /* DailyScrum.swift in Sources */ = {isa = PBXBuildFile; fileRef = D820E01F2AAFB8C4003C1A4C /* DailyScrum.swift */; };
		D84BF7262AAA710C003C2CEF /* .gitignore in Resources */ = {isa = PBXBuildFile; fileRef = D84BF7252AAA710C003C2CEF /* .gitignore */; };
		D88033D02AB0F05E00BFB33D /* CardView.swift in Sources */ = {isa = PBXBuildFile; fileRef = D88033CF2AB0F05E00BFB33D /* CardView.swift */; };
		D88127F82AC2261E0081D706 /* ThemeView.swift in Sources */ = {isa = PBXBuildFile; fileRef = D88127F72AC2261E0081D706 /* ThemeView.swift */; };
		D88573E52AB124F90024721D /* TrailingIconLabelStyle.swift in Sources */ = {isa = PBXBuildFile; fileRef = D88573E42AB124F90024721D /* TrailingIconLabelStyle.swift */; };
		D88652172AAFA91B00B9B953 /* README.md in Resources */ = {isa = PBXBuildFile; fileRef = D88652162AAFA91B00B9B953 /* README.md */; };
		D88EFBC42AB2561E00BA5798 /* ScrumsView.swift in Sources */ = {isa = PBXBuildFile; fileRef = D88EFBC32AB2561E00BA5798 /* ScrumsView.swift */; };
		D899B45F2AC36BD300EA09D5 /* ThemePicker.swift in Sources */ = {isa = PBXBuildFile; fileRef = D899B45E2AC36BD300EA09D5 /* ThemePicker.swift */; };
		D8C19F642AA7DDE000AF7E33 /* ScrumdingerApp.swift in Sources */ = {isa = PBXBuildFile; fileRef = D8C19F632AA7DDE000AF7E33 /* ScrumdingerApp.swift */; };
		D8C19F662AA7DDE000AF7E33 /* MeetingView.swift in Sources */ = {isa = PBXBuildFile; fileRef = D8C19F652AA7DDE000AF7E33 /* MeetingView.swift */; };
		D8C19F682AA7DDE100AF7E33 /* Assets.xcassets in Resources */ = {isa = PBXBuildFile; fileRef = D8C19F672AA7DDE100AF7E33 /* Assets.xcassets */; };
		D8C19F6C2AA7DDE100AF7E33 /* Preview Assets.xcassets in Resources */ = {isa = PBXBuildFile; fileRef = D8C19F6B2AA7DDE100AF7E33 /* Preview Assets.xcassets */; };
		D8C19F762AA7DDE200AF7E33 /* ScrumdingerTests.swift in Sources */ = {isa = PBXBuildFile; fileRef = D8C19F752AA7DDE200AF7E33 /* ScrumdingerTests.swift */; };
		D8C19F802AA7DDE200AF7E33 /* ScrumdingerUITests.swift in Sources */ = {isa = PBXBuildFile; fileRef = D8C19F7F2AA7DDE200AF7E33 /* ScrumdingerUITests.swift */; };
		D8C19F822AA7DDE200AF7E33 /* ScrumdingerUITestsLaunchTests.swift in Sources */ = {isa = PBXBuildFile; fileRef = D8C19F812AA7DDE200AF7E33 /* ScrumdingerUITestsLaunchTests.swift */; };
		D8D2E0D02ABCE820000224CE /* DetailEditView.swift in Sources */ = {isa = PBXBuildFile; fileRef = D8D2E0CF2ABCE820000224CE /* DetailEditView.swift */; };
/* End PBXBuildFile section */

/* Begin PBXContainerItemProxy section */
		D8C19F722AA7DDE200AF7E33 /* PBXContainerItemProxy */ = {
			isa = PBXContainerItemProxy;
			containerPortal = D8C19F582AA7DDE000AF7E33 /* Project object */;
			proxyType = 1;
			remoteGlobalIDString = D8C19F5F2AA7DDE000AF7E33;
			remoteInfo = Scrumdinger;
		};
		D8C19F7C2AA7DDE200AF7E33 /* PBXContainerItemProxy */ = {
			isa = PBXContainerItemProxy;
			containerPortal = D8C19F582AA7DDE000AF7E33 /* Project object */;
			proxyType = 1;
			remoteGlobalIDString = D8C19F5F2AA7DDE000AF7E33;
			remoteInfo = Scrumdinger;
		};
/* End PBXContainerItemProxy section */

/* Begin PBXFileReference section */
		D802F0352AB4FE2E0073E945 /* DetailView.swift */ = {isa = PBXFileReference; lastKnownFileType = sourcecode.swift; path = DetailView.swift; sourceTree = "<group>"; };
		D820E01D2AAFB706003C1A4C /* Theme.swift */ = {isa = PBXFileReference; lastKnownFileType = sourcecode.swift; path = Theme.swift; sourceTree = "<group>"; };
		D820E01F2AAFB8C4003C1A4C /* DailyScrum.swift */ = {isa = PBXFileReference; lastKnownFileType = sourcecode.swift; path = DailyScrum.swift; sourceTree = "<group>"; };
		D84BF7252AAA710C003C2CEF /* .gitignore */ = {isa = PBXFileReference; lastKnownFileType = text; path = .gitignore; sourceTree = "<group>"; };
		D88033CF2AB0F05E00BFB33D /* CardView.swift */ = {isa = PBXFileReference; lastKnownFileType = sourcecode.swift; path = CardView.swift; sourceTree = "<group>"; };
		D88127F72AC2261E0081D706 /* ThemeView.swift */ = {isa = PBXFileReference; lastKnownFileType = sourcecode.swift; path = ThemeView.swift; sourceTree = "<group>"; };
		D88573E42AB124F90024721D /* TrailingIconLabelStyle.swift */ = {isa = PBXFileReference; lastKnownFileType = sourcecode.swift; path = TrailingIconLabelStyle.swift; sourceTree = "<group>"; };
		D88652162AAFA91B00B9B953 /* README.md */ = {isa = PBXFileReference; fileEncoding = 4; lastKnownFileType = net.daringfireball.markdown; path = README.md; sourceTree = "<group>"; };
		D88EFBC32AB2561E00BA5798 /* ScrumsView.swift */ = {isa = PBXFileReference; lastKnownFileType = sourcecode.swift; path = ScrumsView.swift; sourceTree = "<group>"; };
		D899B45E2AC36BD300EA09D5 /* ThemePicker.swift */ = {isa = PBXFileReference; lastKnownFileType = sourcecode.swift; path = ThemePicker.swift; sourceTree = "<group>"; };
		D8C19F602AA7DDE000AF7E33 /* Scrumdinger.app */ = {isa = PBXFileReference; explicitFileType = wrapper.application; includeInIndex = 0; path = Scrumdinger.app; sourceTree = BUILT_PRODUCTS_DIR; };
		D8C19F632AA7DDE000AF7E33 /* ScrumdingerApp.swift */ = {isa = PBXFileReference; lastKnownFileType = sourcecode.swift; path = ScrumdingerApp.swift; sourceTree = "<group>"; };
		D8C19F652AA7DDE000AF7E33 /* MeetingView.swift */ = {isa = PBXFileReference; lastKnownFileType = sourcecode.swift; path = MeetingView.swift; sourceTree = "<group>"; };
		D8C19F672AA7DDE100AF7E33 /* Assets.xcassets */ = {isa = PBXFileReference; lastKnownFileType = folder.assetcatalog; path = Assets.xcassets; sourceTree = "<group>"; };
		D8C19F692AA7DDE100AF7E33 /* Scrumdinger.entitlements */ = {isa = PBXFileReference; lastKnownFileType = text.plist.entitlements; path = Scrumdinger.entitlements; sourceTree = "<group>"; };
		D8C19F6B2AA7DDE100AF7E33 /* Preview Assets.xcassets */ = {isa = PBXFileReference; lastKnownFileType = folder.assetcatalog; path = "Preview Assets.xcassets"; sourceTree = "<group>"; };
		D8C19F712AA7DDE200AF7E33 /* ScrumdingerTests.xctest */ = {isa = PBXFileReference; explicitFileType = wrapper.cfbundle; includeInIndex = 0; path = ScrumdingerTests.xctest; sourceTree = BUILT_PRODUCTS_DIR; };
		D8C19F752AA7DDE200AF7E33 /* ScrumdingerTests.swift */ = {isa = PBXFileReference; lastKnownFileType = sourcecode.swift; path = ScrumdingerTests.swift; sourceTree = "<group>"; };
		D8C19F7B2AA7DDE200AF7E33 /* ScrumdingerUITests.xctest */ = {isa = PBXFileReference; explicitFileType = wrapper.cfbundle; includeInIndex = 0; path = ScrumdingerUITests.xctest; sourceTree = BUILT_PRODUCTS_DIR; };
		D8C19F7F2AA7DDE200AF7E33 /* ScrumdingerUITests.swift */ = {isa = PBXFileReference; lastKnownFileType = sourcecode.swift; path = ScrumdingerUITests.swift; sourceTree = "<group>"; };
		D8C19F812AA7DDE200AF7E33 /* ScrumdingerUITestsLaunchTests.swift */ = {isa = PBXFileReference; lastKnownFileType = sourcecode.swift; path = ScrumdingerUITestsLaunchTests.swift; sourceTree = "<group>"; };
		D8D2E0CF2ABCE820000224CE /* DetailEditView.swift */ = {isa = PBXFileReference; lastKnownFileType = sourcecode.swift; path = DetailEditView.swift; sourceTree = "<group>"; };
/* End PBXFileReference section */

/* Begin PBXFrameworksBuildPhase section */
		D8C19F5D2AA7DDE000AF7E33 /* Frameworks */ = {
			isa = PBXFrameworksBuildPhase;
			buildActionMask = 2147483647;
			files = (
			);
			runOnlyForDeploymentPostprocessing = 0;
		};
		D8C19F6E2AA7DDE200AF7E33 /* Frameworks */ = {
			isa = PBXFrameworksBuildPhase;
			buildActionMask = 2147483647;
			files = (
			);
			runOnlyForDeploymentPostprocessing = 0;
		};
		D8C19F782AA7DDE200AF7E33 /* Frameworks */ = {
			isa = PBXFrameworksBuildPhase;
			buildActionMask = 2147483647;
			files = (
			);
			runOnlyForDeploymentPostprocessing = 0;
		};
/* End PBXFrameworksBuildPhase section */

/* Begin PBXGroup section */
		D820E01C2AAFB6D1003C1A4C /* Models */ = {
			isa = PBXGroup;
			children = (
				D820E01D2AAFB706003C1A4C /* Theme.swift */,
				D820E01F2AAFB8C4003C1A4C /* DailyScrum.swift */,
				D88573E42AB124F90024721D /* TrailingIconLabelStyle.swift */,
			);
			path = Models;
			sourceTree = "<group>";
		};
		D8A2A2892AB3860800515EB4 /* Views */ = {
			isa = PBXGroup;
			children = (
				D88EFBC32AB2561E00BA5798 /* ScrumsView.swift */,
				D88033CF2AB0F05E00BFB33D /* CardView.swift */,
				D802F0352AB4FE2E0073E945 /* DetailView.swift */,
				D8D2E0CF2ABCE820000224CE /* DetailEditView.swift */,
				D88127F72AC2261E0081D706 /* ThemeView.swift */,
				D899B45E2AC36BD300EA09D5 /* ThemePicker.swift */,
				D8C19F652AA7DDE000AF7E33 /* MeetingView.swift */,
			);
			path = Views;
			sourceTree = "<group>";
		};
		D8C19F572AA7DDE000AF7E33 = {
			isa = PBXGroup;
			children = (
				D84BF7252AAA710C003C2CEF /* .gitignore */,
				D88652162AAFA91B00B9B953 /* README.md */,
				D8C19F622AA7DDE000AF7E33 /* Scrumdinger */,
				D8C19F742AA7DDE200AF7E33 /* ScrumdingerTests */,
				D8C19F7E2AA7DDE200AF7E33 /* ScrumdingerUITests */,
				D8C19F612AA7DDE000AF7E33 /* Products */,
			);
			sourceTree = "<group>";
		};
		D8C19F612AA7DDE000AF7E33 /* Products */ = {
			isa = PBXGroup;
			children = (
				D8C19F602AA7DDE000AF7E33 /* Scrumdinger.app */,
				D8C19F712AA7DDE200AF7E33 /* ScrumdingerTests.xctest */,
				D8C19F7B2AA7DDE200AF7E33 /* ScrumdingerUITests.xctest */,
			);
			name = Products;
			sourceTree = "<group>";
		};
		D8C19F622AA7DDE000AF7E33 /* Scrumdinger */ = {
			isa = PBXGroup;
			children = (
				D8A2A2892AB3860800515EB4 /* Views */,
				D820E01C2AAFB6D1003C1A4C /* Models */,
				D8C19F632AA7DDE000AF7E33 /* ScrumdingerApp.swift */,
				D8C19F672AA7DDE100AF7E33 /* Assets.xcassets */,
				D8C19F692AA7DDE100AF7E33 /* Scrumdinger.entitlements */,
				D8C19F6A2AA7DDE100AF7E33 /* Preview Content */,
			);
			path = Scrumdinger;
			sourceTree = "<group>";
		};
		D8C19F6A2AA7DDE100AF7E33 /* Preview Content */ = {
			isa = PBXGroup;
			children = (
				D8C19F6B2AA7DDE100AF7E33 /* Preview Assets.xcassets */,
			);
			path = "Preview Content";
			sourceTree = "<group>";
		};
		D8C19F742AA7DDE200AF7E33 /* ScrumdingerTests */ = {
			isa = PBXGroup;
			children = (
				D8C19F752AA7DDE200AF7E33 /* ScrumdingerTests.swift */,
			);
			path = ScrumdingerTests;
			sourceTree = "<group>";
		};
		D8C19F7E2AA7DDE200AF7E33 /* ScrumdingerUITests */ = {
			isa = PBXGroup;
			children = (
				D8C19F7F2AA7DDE200AF7E33 /* ScrumdingerUITests.swift */,
				D8C19F812AA7DDE200AF7E33 /* ScrumdingerUITestsLaunchTests.swift */,
			);
			path = ScrumdingerUITests;
			sourceTree = "<group>";
		};
/* End PBXGroup section */

/* Begin PBXNativeTarget section */
		D8C19F5F2AA7DDE000AF7E33 /* Scrumdinger */ = {
			isa = PBXNativeTarget;
			buildConfigurationList = D8C19F852AA7DDE200AF7E33 /* Build configuration list for PBXNativeTarget "Scrumdinger" */;
			buildPhases = (
				D8C19F5C2AA7DDE000AF7E33 /* Sources */,
				D8C19F5D2AA7DDE000AF7E33 /* Frameworks */,
				D8C19F5E2AA7DDE000AF7E33 /* Resources */,
			);
			buildRules = (
			);
			dependencies = (
			);
			name = Scrumdinger;
			productName = Scrumdinger;
			productReference = D8C19F602AA7DDE000AF7E33 /* Scrumdinger.app */;
			productType = "com.apple.product-type.application";
		};
		D8C19F702AA7DDE200AF7E33 /* ScrumdingerTests */ = {
			isa = PBXNativeTarget;
			buildConfigurationList = D8C19F882AA7DDE200AF7E33 /* Build configuration list for PBXNativeTarget "ScrumdingerTests" */;
			buildPhases = (
				D8C19F6D2AA7DDE200AF7E33 /* Sources */,
				D8C19F6E2AA7DDE200AF7E33 /* Frameworks */,
				D8C19F6F2AA7DDE200AF7E33 /* Resources */,
			);
			buildRules = (
			);
			dependencies = (
				D8C19F732AA7DDE200AF7E33 /* PBXTargetDependency */,
			);
			name = ScrumdingerTests;
			productName = ScrumdingerTests;
			productReference = D8C19F712AA7DDE200AF7E33 /* ScrumdingerTests.xctest */;
			productType = "com.apple.product-type.bundle.unit-test";
		};
		D8C19F7A2AA7DDE200AF7E33 /* ScrumdingerUITests */ = {
			isa = PBXNativeTarget;
			buildConfigurationList = D8C19F8B2AA7DDE200AF7E33 /* Build configuration list for PBXNativeTarget "ScrumdingerUITests" */;
			buildPhases = (
				D8C19F772AA7DDE200AF7E33 /* Sources */,
				D8C19F782AA7DDE200AF7E33 /* Frameworks */,
				D8C19F792AA7DDE200AF7E33 /* Resources */,
			);
			buildRules = (
			);
			dependencies = (
				D8C19F7D2AA7DDE200AF7E33 /* PBXTargetDependency */,
			);
			name = ScrumdingerUITests;
			productName = ScrumdingerUITests;
			productReference = D8C19F7B2AA7DDE200AF7E33 /* ScrumdingerUITests.xctest */;
			productType = "com.apple.product-type.bundle.ui-testing";
		};
/* End PBXNativeTarget section */

/* Begin PBXProject section */
		D8C19F582AA7DDE000AF7E33 /* Project object */ = {
			isa = PBXProject;
			attributes = {
				BuildIndependentTargetsInParallel = 1;
				LastSwiftUpdateCheck = 1430;
				LastUpgradeCheck = 1430;
				TargetAttributes = {
					D8C19F5F2AA7DDE000AF7E33 = {
						CreatedOnToolsVersion = 14.3.1;
					};
					D8C19F702AA7DDE200AF7E33 = {
						CreatedOnToolsVersion = 14.3.1;
						TestTargetID = D8C19F5F2AA7DDE000AF7E33;
					};
					D8C19F7A2AA7DDE200AF7E33 = {
						CreatedOnToolsVersion = 14.3.1;
						TestTargetID = D8C19F5F2AA7DDE000AF7E33;
					};
				};
			};
			buildConfigurationList = D8C19F5B2AA7DDE000AF7E33 /* Build configuration list for PBXProject "Scrumdinger" */;
			compatibilityVersion = "Xcode 14.0";
			developmentRegion = en;
			hasScannedForEncodings = 0;
			knownRegions = (
				en,
				Base,
			);
			mainGroup = D8C19F572AA7DDE000AF7E33;
			productRefGroup = D8C19F612AA7DDE000AF7E33 /* Products */;
			projectDirPath = "";
			projectRoot = "";
			targets = (
				D8C19F5F2AA7DDE000AF7E33 /* Scrumdinger */,
				D8C19F702AA7DDE200AF7E33 /* ScrumdingerTests */,
				D8C19F7A2AA7DDE200AF7E33 /* ScrumdingerUITests */,
			);
		};
/* End PBXProject section */

/* Begin PBXResourcesBuildPhase section */
		D8C19F5E2AA7DDE000AF7E33 /* Resources */ = {
			isa = PBXResourcesBuildPhase;
			buildActionMask = 2147483647;
			files = (
				D8C19F6C2AA7DDE100AF7E33 /* Preview Assets.xcassets in Resources */,
				D84BF7262AAA710C003C2CEF /* .gitignore in Resources */,
				D88652172AAFA91B00B9B953 /* README.md in Resources */,
				D8C19F682AA7DDE100AF7E33 /* Assets.xcassets in Resources */,
			);
			runOnlyForDeploymentPostprocessing = 0;
		};
		D8C19F6F2AA7DDE200AF7E33 /* Resources */ = {
			isa = PBXResourcesBuildPhase;
			buildActionMask = 2147483647;
			files = (
			);
			runOnlyForDeploymentPostprocessing = 0;
		};
		D8C19F792AA7DDE200AF7E33 /* Resources */ = {
			isa = PBXResourcesBuildPhase;
			buildActionMask = 2147483647;
			files = (
			);
			runOnlyForDeploymentPostprocessing = 0;
		};
/* End PBXResourcesBuildPhase section */

/* Begin PBXSourcesBuildPhase section */
		D8C19F5C2AA7DDE000AF7E33 /* Sources */ = {
			isa = PBXSourcesBuildPhase;
			buildActionMask = 2147483647;
			files = (
				D899B45F2AC36BD300EA09D5 /* ThemePicker.swift in Sources */,
				D820E0202AAFB8C4003C1A4C /* DailyScrum.swift in Sources */,
				D802F0362AB4FE2E0073E945 /* DetailView.swift in Sources */,
				D8D2E0D02ABCE820000224CE /* DetailEditView.swift in Sources */,
				D88EFBC42AB2561E00BA5798 /* ScrumsView.swift in Sources */,
				D88573E52AB124F90024721D /* TrailingIconLabelStyle.swift in Sources */,
				D820E01E2AAFB706003C1A4C /* Theme.swift in Sources */,
				D8C19F662AA7DDE000AF7E33 /* MeetingView.swift in Sources */,
				D8C19F642AA7DDE000AF7E33 /* ScrumdingerApp.swift in Sources */,
				D88127F82AC2261E0081D706 /* ThemeView.swift in Sources */,
				D88033D02AB0F05E00BFB33D /* CardView.swift in Sources */,
			);
			runOnlyForDeploymentPostprocessing = 0;
		};
		D8C19F6D2AA7DDE200AF7E33 /* Sources */ = {
			isa = PBXSourcesBuildPhase;
			buildActionMask = 2147483647;
			files = (
				D8C19F762AA7DDE200AF7E33 /* ScrumdingerTests.swift in Sources */,
			);
			runOnlyForDeploymentPostprocessing = 0;
		};
		D8C19F772AA7DDE200AF7E33 /* Sources */ = {
			isa = PBXSourcesBuildPhase;
			buildActionMask = 2147483647;
			files = (
				D8C19F822AA7DDE200AF7E33 /* ScrumdingerUITestsLaunchTests.swift in Sources */,
				D8C19F802AA7DDE200AF7E33 /* ScrumdingerUITests.swift in Sources */,
			);
			runOnlyForDeploymentPostprocessing = 0;
		};
/* End PBXSourcesBuildPhase section */

/* Begin PBXTargetDependency section */
		D8C19F732AA7DDE200AF7E33 /* PBXTargetDependency */ = {
			isa = PBXTargetDependency;
			target = D8C19F5F2AA7DDE000AF7E33 /* Scrumdinger */;
			targetProxy = D8C19F722AA7DDE200AF7E33 /* PBXContainerItemProxy */;
		};
		D8C19F7D2AA7DDE200AF7E33 /* PBXTargetDependency */ = {
			isa = PBXTargetDependency;
			target = D8C19F5F2AA7DDE000AF7E33 /* Scrumdinger */;
			targetProxy = D8C19F7C2AA7DDE200AF7E33 /* PBXContainerItemProxy */;
		};
/* End PBXTargetDependency section */

/* Begin XCBuildConfiguration section */
		D8C19F832AA7DDE200AF7E33 /* Debug */ = {
			isa = XCBuildConfiguration;
			buildSettings = {
				ALWAYS_SEARCH_USER_PATHS = NO;
				CLANG_ANALYZER_NONNULL = YES;
				CLANG_ANALYZER_NUMBER_OBJECT_CONVERSION = YES_AGGRESSIVE;
				CLANG_CXX_LANGUAGE_STANDARD = "gnu++20";
				CLANG_ENABLE_MODULES = YES;
				CLANG_ENABLE_OBJC_ARC = YES;
				CLANG_ENABLE_OBJC_WEAK = YES;
				CLANG_WARN_BLOCK_CAPTURE_AUTORELEASING = YES;
				CLANG_WARN_BOOL_CONVERSION = YES;
				CLANG_WARN_COMMA = YES;
				CLANG_WARN_CONSTANT_CONVERSION = YES;
				CLANG_WARN_DEPRECATED_OBJC_IMPLEMENTATIONS = YES;
				CLANG_WARN_DIRECT_OBJC_ISA_USAGE = YES_ERROR;
				CLANG_WARN_DOCUMENTATION_COMMENTS = YES;
				CLANG_WARN_EMPTY_BODY = YES;
				CLANG_WARN_ENUM_CONVERSION = YES;
				CLANG_WARN_INFINITE_RECURSION = YES;
				CLANG_WARN_INT_CONVERSION = YES;
				CLANG_WARN_NON_LITERAL_NULL_CONVERSION = YES;
				CLANG_WARN_OBJC_IMPLICIT_RETAIN_SELF = YES;
				CLANG_WARN_OBJC_LITERAL_CONVERSION = YES;
				CLANG_WARN_OBJC_ROOT_CLASS = YES_ERROR;
				CLANG_WARN_QUOTED_INCLUDE_IN_FRAMEWORK_HEADER = YES;
				CLANG_WARN_RANGE_LOOP_ANALYSIS = YES;
				CLANG_WARN_STRICT_PROTOTYPES = YES;
				CLANG_WARN_SUSPICIOUS_MOVE = YES;
				CLANG_WARN_UNGUARDED_AVAILABILITY = YES_AGGRESSIVE;
				CLANG_WARN_UNREACHABLE_CODE = YES;
				CLANG_WARN__DUPLICATE_METHOD_MATCH = YES;
				COPY_PHASE_STRIP = NO;
				DEBUG_INFORMATION_FORMAT = dwarf;
				ENABLE_STRICT_OBJC_MSGSEND = YES;
				ENABLE_TESTABILITY = YES;
				GCC_C_LANGUAGE_STANDARD = gnu11;
				GCC_DYNAMIC_NO_PIC = NO;
				GCC_NO_COMMON_BLOCKS = YES;
				GCC_OPTIMIZATION_LEVEL = 0;
				GCC_PREPROCESSOR_DEFINITIONS = (
					"DEBUG=1",
					"$(inherited)",
				);
				GCC_WARN_64_TO_32_BIT_CONVERSION = YES;
				GCC_WARN_ABOUT_RETURN_TYPE = YES_ERROR;
				GCC_WARN_UNDECLARED_SELECTOR = YES;
				GCC_WARN_UNINITIALIZED_AUTOS = YES_AGGRESSIVE;
				GCC_WARN_UNUSED_FUNCTION = YES;
				GCC_WARN_UNUSED_VARIABLE = YES;
				MTL_ENABLE_DEBUG_INFO = INCLUDE_SOURCE;
				MTL_FAST_MATH = YES;
				ONLY_ACTIVE_ARCH = YES;
				SWIFT_ACTIVE_COMPILATION_CONDITIONS = DEBUG;
				SWIFT_OPTIMIZATION_LEVEL = "-Onone";
			};
			name = Debug;
		};
		D8C19F842AA7DDE200AF7E33 /* Release */ = {
			isa = XCBuildConfiguration;
			buildSettings = {
				ALWAYS_SEARCH_USER_PATHS = NO;
				CLANG_ANALYZER_NONNULL = YES;
				CLANG_ANALYZER_NUMBER_OBJECT_CONVERSION = YES_AGGRESSIVE;
				CLANG_CXX_LANGUAGE_STANDARD = "gnu++20";
				CLANG_ENABLE_MODULES = YES;
				CLANG_ENABLE_OBJC_ARC = YES;
				CLANG_ENABLE_OBJC_WEAK = YES;
				CLANG_WARN_BLOCK_CAPTURE_AUTORELEASING = YES;
				CLANG_WARN_BOOL_CONVERSION = YES;
				CLANG_WARN_COMMA = YES;
				CLANG_WARN_CONSTANT_CONVERSION = YES;
				CLANG_WARN_DEPRECATED_OBJC_IMPLEMENTATIONS = YES;
				CLANG_WARN_DIRECT_OBJC_ISA_USAGE = YES_ERROR;
				CLANG_WARN_DOCUMENTATION_COMMENTS = YES;
				CLANG_WARN_EMPTY_BODY = YES;
				CLANG_WARN_ENUM_CONVERSION = YES;
				CLANG_WARN_INFINITE_RECURSION = YES;
				CLANG_WARN_INT_CONVERSION = YES;
				CLANG_WARN_NON_LITERAL_NULL_CONVERSION = YES;
				CLANG_WARN_OBJC_IMPLICIT_RETAIN_SELF = YES;
				CLANG_WARN_OBJC_LITERAL_CONVERSION = YES;
				CLANG_WARN_OBJC_ROOT_CLASS = YES_ERROR;
				CLANG_WARN_QUOTED_INCLUDE_IN_FRAMEWORK_HEADER = YES;
				CLANG_WARN_RANGE_LOOP_ANALYSIS = YES;
				CLANG_WARN_STRICT_PROTOTYPES = YES;
				CLANG_WARN_SUSPICIOUS_MOVE = YES;
				CLANG_WARN_UNGUARDED_AVAILABILITY = YES_AGGRESSIVE;
				CLANG_WARN_UNREACHABLE_CODE = YES;
				CLANG_WARN__DUPLICATE_METHOD_MATCH = YES;
				COPY_PHASE_STRIP = NO;
				DEBUG_INFORMATION_FORMAT = "dwarf-with-dsym";
				ENABLE_NS_ASSERTIONS = NO;
				ENABLE_STRICT_OBJC_MSGSEND = YES;
				GCC_C_LANGUAGE_STANDARD = gnu11;
				GCC_NO_COMMON_BLOCKS = YES;
				GCC_WARN_64_TO_32_BIT_CONVERSION = YES;
				GCC_WARN_ABOUT_RETURN_TYPE = YES_ERROR;
				GCC_WARN_UNDECLARED_SELECTOR = YES;
				GCC_WARN_UNINITIALIZED_AUTOS = YES_AGGRESSIVE;
				GCC_WARN_UNUSED_FUNCTION = YES;
				GCC_WARN_UNUSED_VARIABLE = YES;
				MTL_ENABLE_DEBUG_INFO = NO;
				MTL_FAST_MATH = YES;
				SWIFT_COMPILATION_MODE = wholemodule;
				SWIFT_OPTIMIZATION_LEVEL = "-O";
			};
			name = Release;
		};
		D8C19F862AA7DDE200AF7E33 /* Debug */ = {
			isa = XCBuildConfiguration;
			buildSettings = {
				ASSETCATALOG_COMPILER_APPICON_NAME = AppIcon;
				ASSETCATALOG_COMPILER_GLOBAL_ACCENT_COLOR_NAME = AccentColor;
				CODE_SIGN_ENTITLEMENTS = Scrumdinger/Scrumdinger.entitlements;
				CODE_SIGN_STYLE = Automatic;
				CURRENT_PROJECT_VERSION = 1;
				DEVELOPMENT_ASSET_PATHS = "\"Scrumdinger/Preview Content\"";
				ENABLE_PREVIEWS = YES;
				GENERATE_INFOPLIST_FILE = YES;
				"INFOPLIST_KEY_UIApplicationSceneManifest_Generation[sdk=iphoneos*]" = YES;
				"INFOPLIST_KEY_UIApplicationSceneManifest_Generation[sdk=iphonesimulator*]" = YES;
				"INFOPLIST_KEY_UIApplicationSupportsIndirectInputEvents[sdk=iphoneos*]" = YES;
				"INFOPLIST_KEY_UIApplicationSupportsIndirectInputEvents[sdk=iphonesimulator*]" = YES;
				"INFOPLIST_KEY_UILaunchScreen_Generation[sdk=iphoneos*]" = YES;
				"INFOPLIST_KEY_UILaunchScreen_Generation[sdk=iphonesimulator*]" = YES;
				"INFOPLIST_KEY_UIStatusBarStyle[sdk=iphoneos*]" = UIStatusBarStyleDefault;
				"INFOPLIST_KEY_UIStatusBarStyle[sdk=iphonesimulator*]" = UIStatusBarStyleDefault;
				INFOPLIST_KEY_UISupportedInterfaceOrientations_iPad = "UIInterfaceOrientationPortrait UIInterfaceOrientationPortraitUpsideDown UIInterfaceOrientationLandscapeLeft UIInterfaceOrientationLandscapeRight";
				INFOPLIST_KEY_UISupportedInterfaceOrientations_iPhone = "UIInterfaceOrientationPortrait UIInterfaceOrientationLandscapeLeft UIInterfaceOrientationLandscapeRight";
				IPHONEOS_DEPLOYMENT_TARGET = 16.4;
				LD_RUNPATH_SEARCH_PATHS = "@executable_path/Frameworks";
				"LD_RUNPATH_SEARCH_PATHS[sdk=macosx*]" = "@executable_path/../Frameworks";
				MACOSX_DEPLOYMENT_TARGET = 13.3;
				MARKETING_VERSION = 1.0;
				PRODUCT_BUNDLE_IDENTIFIER = com.dev.Scrumdinger;
				PRODUCT_NAME = "$(TARGET_NAME)";
				SDKROOT = auto;
				SUPPORTED_PLATFORMS = "iphoneos iphonesimulator macosx";
				SWIFT_EMIT_LOC_STRINGS = YES;
				SWIFT_VERSION = 5.0;
				TARGETED_DEVICE_FAMILY = "1,2";
			};
			name = Debug;
		};
		D8C19F872AA7DDE200AF7E33 /* Release */ = {
			isa = XCBuildConfiguration;
			buildSettings = {
				ASSETCATALOG_COMPILER_APPICON_NAME = AppIcon;
				ASSETCATALOG_COMPILER_GLOBAL_ACCENT_COLOR_NAME = AccentColor;
				CODE_SIGN_ENTITLEMENTS = Scrumdinger/Scrumdinger.entitlements;
				CODE_SIGN_STYLE = Automatic;
				CURRENT_PROJECT_VERSION = 1;
				DEVELOPMENT_ASSET_PATHS = "\"Scrumdinger/Preview Content\"";
				ENABLE_PREVIEWS = YES;
				GENERATE_INFOPLIST_FILE = YES;
				"INFOPLIST_KEY_UIApplicationSceneManifest_Generation[sdk=iphoneos*]" = YES;
				"INFOPLIST_KEY_UIApplicationSceneManifest_Generation[sdk=iphonesimulator*]" = YES;
				"INFOPLIST_KEY_UIApplicationSupportsIndirectInputEvents[sdk=iphoneos*]" = YES;
				"INFOPLIST_KEY_UIApplicationSupportsIndirectInputEvents[sdk=iphonesimulator*]" = YES;
				"INFOPLIST_KEY_UILaunchScreen_Generation[sdk=iphoneos*]" = YES;
				"INFOPLIST_KEY_UILaunchScreen_Generation[sdk=iphonesimulator*]" = YES;
				"INFOPLIST_KEY_UIStatusBarStyle[sdk=iphoneos*]" = UIStatusBarStyleDefault;
				"INFOPLIST_KEY_UIStatusBarStyle[sdk=iphonesimulator*]" = UIStatusBarStyleDefault;
				INFOPLIST_KEY_UISupportedInterfaceOrientations_iPad = "UIInterfaceOrientationPortrait UIInterfaceOrientationPortraitUpsideDown UIInterfaceOrientationLandscapeLeft UIInterfaceOrientationLandscapeRight";
				INFOPLIST_KEY_UISupportedInterfaceOrientations_iPhone = "UIInterfaceOrientationPortrait UIInterfaceOrientationLandscapeLeft UIInterfaceOrientationLandscapeRight";
				IPHONEOS_DEPLOYMENT_TARGET = 16.4;
				LD_RUNPATH_SEARCH_PATHS = "@executable_path/Frameworks";
				"LD_RUNPATH_SEARCH_PATHS[sdk=macosx*]" = "@executable_path/../Frameworks";
				MACOSX_DEPLOYMENT_TARGET = 13.3;
				MARKETING_VERSION = 1.0;
				PRODUCT_BUNDLE_IDENTIFIER = com.dev.Scrumdinger;
				PRODUCT_NAME = "$(TARGET_NAME)";
				SDKROOT = auto;
				SUPPORTED_PLATFORMS = "iphoneos iphonesimulator macosx";
				SWIFT_EMIT_LOC_STRINGS = YES;
				SWIFT_VERSION = 5.0;
				TARGETED_DEVICE_FAMILY = "1,2";
			};
			name = Release;
		};
		D8C19F892AA7DDE200AF7E33 /* Debug */ = {
			isa = XCBuildConfiguration;
			buildSettings = {
				ALWAYS_EMBED_SWIFT_STANDARD_LIBRARIES = YES;
				BUNDLE_LOADER = "$(TEST_HOST)";
				CODE_SIGN_STYLE = Automatic;
				CURRENT_PROJECT_VERSION = 1;
				GENERATE_INFOPLIST_FILE = YES;
				IPHONEOS_DEPLOYMENT_TARGET = 16.4;
				MACOSX_DEPLOYMENT_TARGET = 13.3;
				MARKETING_VERSION = 1.0;
				PRODUCT_BUNDLE_IDENTIFIER = com.dev.ScrumdingerTests;
				PRODUCT_NAME = "$(TARGET_NAME)";
				SDKROOT = auto;
				SUPPORTED_PLATFORMS = "iphoneos iphonesimulator macosx";
				SWIFT_EMIT_LOC_STRINGS = NO;
				SWIFT_VERSION = 5.0;
				TARGETED_DEVICE_FAMILY = "1,2";
				TEST_HOST = "$(BUILT_PRODUCTS_DIR)/Scrumdinger.app/$(BUNDLE_EXECUTABLE_FOLDER_PATH)/Scrumdinger";
			};
			name = Debug;
		};
		D8C19F8A2AA7DDE200AF7E33 /* Release */ = {
			isa = XCBuildConfiguration;
			buildSettings = {
				ALWAYS_EMBED_SWIFT_STANDARD_LIBRARIES = YES;
				BUNDLE_LOADER = "$(TEST_HOST)";
				CODE_SIGN_STYLE = Automatic;
				CURRENT_PROJECT_VERSION = 1;
				GENERATE_INFOPLIST_FILE = YES;
				IPHONEOS_DEPLOYMENT_TARGET = 16.4;
				MACOSX_DEPLOYMENT_TARGET = 13.3;
				MARKETING_VERSION = 1.0;
				PRODUCT_BUNDLE_IDENTIFIER = com.dev.ScrumdingerTests;
				PRODUCT_NAME = "$(TARGET_NAME)";
				SDKROOT = auto;
				SUPPORTED_PLATFORMS = "iphoneos iphonesimulator macosx";
				SWIFT_EMIT_LOC_STRINGS = NO;
				SWIFT_VERSION = 5.0;
				TARGETED_DEVICE_FAMILY = "1,2";
				TEST_HOST = "$(BUILT_PRODUCTS_DIR)/Scrumdinger.app/$(BUNDLE_EXECUTABLE_FOLDER_PATH)/Scrumdinger";
			};
			name = Release;
		};
		D8C19F8C2AA7DDE200AF7E33 /* Debug */ = {
			isa = XCBuildConfiguration;
			buildSettings = {
				ALWAYS_EMBED_SWIFT_STANDARD_LIBRARIES = YES;
				CODE_SIGN_STYLE = Automatic;
				CURRENT_PROJECT_VERSION = 1;
				GENERATE_INFOPLIST_FILE = YES;
				IPHONEOS_DEPLOYMENT_TARGET = 16.4;
				MACOSX_DEPLOYMENT_TARGET = 13.3;
				MARKETING_VERSION = 1.0;
				PRODUCT_BUNDLE_IDENTIFIER = com.dev.ScrumdingerUITests;
				PRODUCT_NAME = "$(TARGET_NAME)";
				SDKROOT = auto;
				SUPPORTED_PLATFORMS = "iphoneos iphonesimulator macosx";
				SWIFT_EMIT_LOC_STRINGS = NO;
				SWIFT_VERSION = 5.0;
				TARGETED_DEVICE_FAMILY = "1,2";
				TEST_TARGET_NAME = Scrumdinger;
			};
			name = Debug;
		};
		D8C19F8D2AA7DDE200AF7E33 /* Release */ = {
			isa = XCBuildConfiguration;
			buildSettings = {
				ALWAYS_EMBED_SWIFT_STANDARD_LIBRARIES = YES;
				CODE_SIGN_STYLE = Automatic;
				CURRENT_PROJECT_VERSION = 1;
				GENERATE_INFOPLIST_FILE = YES;
				IPHONEOS_DEPLOYMENT_TARGET = 16.4;
				MACOSX_DEPLOYMENT_TARGET = 13.3;
				MARKETING_VERSION = 1.0;
				PRODUCT_BUNDLE_IDENTIFIER = com.dev.ScrumdingerUITests;
				PRODUCT_NAME = "$(TARGET_NAME)";
				SDKROOT = auto;
				SUPPORTED_PLATFORMS = "iphoneos iphonesimulator macosx";
				SWIFT_EMIT_LOC_STRINGS = NO;
				SWIFT_VERSION = 5.0;
				TARGETED_DEVICE_FAMILY = "1,2";
				TEST_TARGET_NAME = Scrumdinger;
			};
			name = Release;
		};
/* End XCBuildConfiguration section */

/* Begin XCConfigurationList section */
		D8C19F5B2AA7DDE000AF7E33 /* Build configuration list for PBXProject "Scrumdinger" */ = {
			isa = XCConfigurationList;
			buildConfigurations = (
				D8C19F832AA7DDE200AF7E33 /* Debug */,
				D8C19F842AA7DDE200AF7E33 /* Release */,
			);
			defaultConfigurationIsVisible = 0;
			defaultConfigurationName = Release;
		};
		D8C19F852AA7DDE200AF7E33 /* Build configuration list for PBXNativeTarget "Scrumdinger" */ = {
			isa = XCConfigurationList;
			buildConfigurations = (
				D8C19F862AA7DDE200AF7E33 /* Debug */,
				D8C19F872AA7DDE200AF7E33 /* Release */,
			);
			defaultConfigurationIsVisible = 0;
			defaultConfigurationName = Release;
		};
		D8C19F882AA7DDE200AF7E33 /* Build configuration list for PBXNativeTarget "ScrumdingerTests" */ = {
			isa = XCConfigurationList;
			buildConfigurations = (
				D8C19F892AA7DDE200AF7E33 /* Debug */,
				D8C19F8A2AA7DDE200AF7E33 /* Release */,
			);
			defaultConfigurationIsVisible = 0;
			defaultConfigurationName = Release;
		};
		D8C19F8B2AA7DDE200AF7E33 /* Build configuration list for PBXNativeTarget "ScrumdingerUITests" */ = {
			isa = XCConfigurationList;
			buildConfigurations = (
				D8C19F8C2AA7DDE200AF7E33 /* Debug */,
				D8C19F8D2AA7DDE200AF7E33 /* Release */,
			);
			defaultConfigurationIsVisible = 0;
			defaultConfigurationName = Release;
		};
/* End XCConfigurationList section */
	};
	rootObject = D8C19F582AA7DDE000AF7E33 /* Project object */;
}
